
Microsoft Visual Studio Solution File, Format Version 12.00
# Visual Studio Version 16
VisualStudioVersion = 16.0.31424.327
MinimumVisualStudioVersion = 10.0.40219.1
Project("{FAE04EC0-301F-11D3-BF4B-00C04F79EFBC}") = "MobileShopPOS", "MobileShopPOS\MobileShopPOS.csproj", "{DCA33E0B-6097-4F01-A393-991930651D98}"
EndProject
Global
	GlobalSection(SolutionConfigurationPlatforms) = preSolution
		Debug|Any CPU = Debug|Any CPU
		Release|Any CPU = Release|Any CPU
	EndGlobalSection
	GlobalSection(ProjectConfigurationPlatforms) = postSolution
		{DCA33E0B-6097-4F01-A393-991930651D98}.Debug|Any CPU.ActiveCfg = Debug|Any CPU
		{DCA33E0B-6097-4F01-A393-991930651D98}.Debug|Any CPU.Build.0 = Debug|Any CPU
		{DCA33E0B-6097-4F01-A393-991930651D98}.Release|Any CPU.ActiveCfg = Release|Any CPU
		{DCA33E0B-6097-4F01-A393-991930651D98}.Release|Any CPU.Build.0 = Release|Any CPU
	EndGlobalSection
	GlobalSection(SolutionProperties) = preSolution
		HideSolutionNode = FALSE
	EndGlobalSection
	GlobalSection(ExtensibilityGlobals) = postSolution
		SolutionGuid = {5D730882-3497-4CC1-933B-9C2CA8542CD1}
	EndGlobalSection
EndGlobal
